// !$*UTF8*$!
{
	archiveVersion = 1;
	classes = {
	};
	objectVersion = 50;
	objects = {

/* Begin PBXBuildFile section */
		9069057820CC527800474119 /* GoogleService-Info.plist in Resources */ = {isa = PBXBuildFile; fileRef = 9069057720CC527800474119 /* GoogleService-Info.plist */; };
		CDB4F51548CB78DE8B268F9E /* Pods_Eyes_Tracking.framework in Frameworks */ = {isa = PBXBuildFile; fileRef = F915E060E3BBB9335C3BEFAD /* Pods_Eyes_Tracking.framework */; };
		D04BFCC920CB73F300315FF0 /* Utilities.swift in Sources */ = {isa = PBXBuildFile; fileRef = D04BFCC820CB73F300315FF0 /* Utilities.swift */; };
		D04BFCCB20CBFE7E00315FF0 /* ViewController.swift in Sources */ = {isa = PBXBuildFile; fileRef = D04BFCCA20CBFE7E00315FF0 /* ViewController.swift */; };
		D07E3AD220CB259D00C0FCDD /* MLCapturingViewController.swift in Sources */ = {isa = PBXBuildFile; fileRef = D07E3AD120CB259D00C0FCDD /* MLCapturingViewController.swift */; };
		D07E3AD420CB263500C0FCDD /* MLDataDisplayViewController.swift in Sources */ = {isa = PBXBuildFile; fileRef = D07E3AD320CB263500C0FCDD /* MLDataDisplayViewController.swift */; };
		D0D25B8920C80F5500A25627 /* Extensions.swift in Sources */ = {isa = PBXBuildFile; fileRef = D0D25B8820C80F5500A25627 /* Extensions.swift */; };
		D0E5847A20C806050052967A /* AppDelegate.swift in Sources */ = {isa = PBXBuildFile; fileRef = D0E5847920C806050052967A /* AppDelegate.swift */; };
		D0E5847E20C806050052967A /* BasicEyesTrackingViewController.swift in Sources */ = {isa = PBXBuildFile; fileRef = D0E5847D20C806050052967A /* BasicEyesTrackingViewController.swift */; };
		D0E5848120C806050052967A /* Main.storyboard in Resources */ = {isa = PBXBuildFile; fileRef = D0E5847F20C806050052967A /* Main.storyboard */; };
		D0E5848320C806050052967A /* Assets.xcassets in Resources */ = {isa = PBXBuildFile; fileRef = D0E5848220C806050052967A /* Assets.xcassets */; };
/* End PBXBuildFile section */

/* Begin PBXFileReference section */
		221622603E38B6B319DF6083 /* Pods-Eyes Tracking.release.xcconfig */ = {isa = PBXFileReference; includeInIndex = 1; lastKnownFileType = text.xcconfig; name = "Pods-Eyes Tracking.release.xcconfig"; path = "Pods/Target Support Files/Pods-Eyes Tracking/Pods-Eyes Tracking.release.xcconfig"; sourceTree = "<group>"; };
		9069057720CC527800474119 /* GoogleService-Info.plist */ = {isa = PBXFileReference; fileEncoding = 4; lastKnownFileType = text.plist.xml; path = "GoogleService-Info.plist"; sourceTree = "<group>"; };
		B40C11330C96D42AA16E1F34 /* Pods-Eyes Tracking.debug.xcconfig */ = {isa = PBXFileReference; includeInIndex = 1; lastKnownFileType = text.xcconfig; name = "Pods-Eyes Tracking.debug.xcconfig"; path = "Pods/Target Support Files/Pods-Eyes Tracking/Pods-Eyes Tracking.debug.xcconfig"; sourceTree = "<group>"; };
		D04BFCC820CB73F300315FF0 /* Utilities.swift */ = {isa = PBXFileReference; lastKnownFileType = sourcecode.swift; path = Utilities.swift; sourceTree = "<group>"; };
		D04BFCCA20CBFE7E00315FF0 /* ViewController.swift */ = {isa = PBXFileReference; lastKnownFileType = sourcecode.swift; path = ViewController.swift; sourceTree = "<group>"; };
		D07E3AD120CB259D00C0FCDD /* MLCapturingViewController.swift */ = {isa = PBXFileReference; fileEncoding = 4; lastKnownFileType = sourcecode.swift; path = MLCapturingViewController.swift; sourceTree = "<group>"; };
		D07E3AD320CB263500C0FCDD /* MLDataDisplayViewController.swift */ = {isa = PBXFileReference; fileEncoding = 4; lastKnownFileType = sourcecode.swift; path = MLDataDisplayViewController.swift; sourceTree = "<group>"; };
		D0D25B8820C80F5500A25627 /* Extensions.swift */ = {isa = PBXFileReference; fileEncoding = 4; lastKnownFileType = sourcecode.swift; path = Extensions.swift; sourceTree = "<group>"; };
		D0E5847620C806050052967A /* Eyes Tracking.app */ = {isa = PBXFileReference; explicitFileType = wrapper.application; includeInIndex = 0; path = "Eyes Tracking.app"; sourceTree = BUILT_PRODUCTS_DIR; };
		D0E5847920C806050052967A /* AppDelegate.swift */ = {isa = PBXFileReference; lastKnownFileType = sourcecode.swift; path = AppDelegate.swift; sourceTree = "<group>"; };
		D0E5847D20C806050052967A /* BasicEyesTrackingViewController.swift */ = {isa = PBXFileReference; lastKnownFileType = sourcecode.swift; path = BasicEyesTrackingViewController.swift; sourceTree = "<group>"; };
		D0E5848020C806050052967A /* Base */ = {isa = PBXFileReference; lastKnownFileType = file.storyboard; name = Base; path = Base.lproj/Main.storyboard; sourceTree = "<group>"; };
		D0E5848220C806050052967A /* Assets.xcassets */ = {isa = PBXFileReference; lastKnownFileType = folder.assetcatalog; path = Assets.xcassets; sourceTree = "<group>"; };
		D0E5848720C806050052967A /* Info.plist */ = {isa = PBXFileReference; lastKnownFileType = text.plist.xml; path = Info.plist; sourceTree = "<group>"; };
		F915E060E3BBB9335C3BEFAD /* Pods_Eyes_Tracking.framework */ = {isa = PBXFileReference; explicitFileType = wrapper.framework; includeInIndex = 0; path = Pods_Eyes_Tracking.framework; sourceTree = BUILT_PRODUCTS_DIR; };
/* End PBXFileReference section */

/* Begin PBXFrameworksBuildPhase section */
		D0E5847320C806050052967A /* Frameworks */ = {
			isa = PBXFrameworksBuildPhase;
			buildActionMask = 2147483647;
			files = (
				CDB4F51548CB78DE8B268F9E /* Pods_Eyes_Tracking.framework in Frameworks */,
			);
			runOnlyForDeploymentPostprocessing = 0;
		};
/* End PBXFrameworksBuildPhase section */

/* Begin PBXGroup section */
		1C71EF5514A3878C8D6C736B /* Frameworks */ = {
			isa = PBXGroup;
			children = (
				F915E060E3BBB9335C3BEFAD /* Pods_Eyes_Tracking.framework */,
			);
			name = Frameworks;
			sourceTree = "<group>";
		};
		C4E84981A3E0F1FCCD1A1D37 /* Pods */ = {
			isa = PBXGroup;
			children = (
				B40C11330C96D42AA16E1F34 /* Pods-Eyes Tracking.debug.xcconfig */,
				221622603E38B6B319DF6083 /* Pods-Eyes Tracking.release.xcconfig */,
			);
			name = Pods;
			sourceTree = "<group>";
		};
		D0E5846D20C806050052967A = {
			isa = PBXGroup;
			children = (
				D0E5847820C806050052967A /* Eyes Tracking */,
				D0E5847720C806050052967A /* Products */,
				C4E84981A3E0F1FCCD1A1D37 /* Pods */,
				1C71EF5514A3878C8D6C736B /* Frameworks */,
			);
			sourceTree = "<group>";
		};
		D0E5847720C806050052967A /* Products */ = {
			isa = PBXGroup;
			children = (
				D0E5847620C806050052967A /* Eyes Tracking.app */,
			);
			name = Products;
			sourceTree = "<group>";
		};
		D0E5847820C806050052967A /* Eyes Tracking */ = {
			isa = PBXGroup;
			children = (
				D0E5847920C806050052967A /* AppDelegate.swift */,
				D0E5847D20C806050052967A /* BasicEyesTrackingViewController.swift */,
				D04BFCCA20CBFE7E00315FF0 /* ViewController.swift */,
				D07E3AD120CB259D00C0FCDD /* MLCapturingViewController.swift */,
				D07E3AD320CB263500C0FCDD /* MLDataDisplayViewController.swift */,
				D04BFCC820CB73F300315FF0 /* Utilities.swift */,
				9069057720CC527800474119 /* GoogleService-Info.plist */,
				D0D25B8820C80F5500A25627 /* Extensions.swift */,
				D0E5847F20C806050052967A /* Main.storyboard */,
				D0E5848220C806050052967A /* Assets.xcassets */,
				D0E5848720C806050052967A /* Info.plist */,
			);
			path = "Eyes Tracking";
			sourceTree = "<group>";
		};
/* End PBXGroup section */

/* Begin PBXNativeTarget section */
		D0E5847520C806050052967A /* Eyes Tracking */ = {
			isa = PBXNativeTarget;
			buildConfigurationList = D0E5848A20C806060052967A /* Build configuration list for PBXNativeTarget "Eyes Tracking" */;
			buildPhases = (
				35BB77E9DB55463ADBD54D21 /* [CP] Check Pods Manifest.lock */,
				D0E5847220C806050052967A /* Sources */,
				D0E5847320C806050052967A /* Frameworks */,
				D0E5847420C806050052967A /* Resources */,
				E7D99F9345E84C46169997E0 /* [CP] Embed Pods Frameworks */,
			);
			buildRules = (
			);
			dependencies = (
			);
			name = "Eyes Tracking";
			productName = "Eyes Tracking";
			productReference = D0E5847620C806050052967A /* Eyes Tracking.app */;
			productType = "com.apple.product-type.application";
		};
/* End PBXNativeTarget section */

/* Begin PBXProject section */
		D0E5846E20C806050052967A /* Project object */ = {
			isa = PBXProject;
			attributes = {
				LastSwiftUpdateCheck = 1000;
				LastUpgradeCheck = 1000;
				ORGANIZATIONNAME = virakri;
				TargetAttributes = {
					D0E5847520C806050052967A = {
						CreatedOnToolsVersion = 10.0;
					};
				};
			};
			buildConfigurationList = D0E5847120C806050052967A /* Build configuration list for PBXProject "Eyes Tracking" */;
			compatibilityVersion = "Xcode 9.3";
			developmentRegion = en;
			hasScannedForEncodings = 0;
			knownRegions = (
				en,
				Base,
			);
			mainGroup = D0E5846D20C806050052967A;
			productRefGroup = D0E5847720C806050052967A /* Products */;
			projectDirPath = "";
			projectRoot = "";
			targets = (
				D0E5847520C806050052967A /* Eyes Tracking */,
			);
		};
/* End PBXProject section */

/* Begin PBXResourcesBuildPhase section */
		D0E5847420C806050052967A /* Resources */ = {
			isa = PBXResourcesBuildPhase;
			buildActionMask = 2147483647;
			files = (
				D0E5848320C806050052967A /* Assets.xcassets in Resources */,
				D0E5848120C806050052967A /* Main.storyboard in Resources */,
				9069057820CC527800474119 /* GoogleService-Info.plist in Resources */,
			);
			runOnlyForDeploymentPostprocessing = 0;
		};
/* End PBXResourcesBuildPhase section */

/* Begin PBXShellScriptBuildPhase section */
		35BB77E9DB55463ADBD54D21 /* [CP] Check Pods Manifest.lock */ = {
			isa = PBXShellScriptBuildPhase;
			buildActionMask = 2147483647;
			files = (
			);
			inputPaths = (
				"${PODS_PODFILE_DIR_PATH}/Podfile.lock",
				"${PODS_ROOT}/Manifest.lock",
			);
			name = "[CP] Check Pods Manifest.lock";
			outputPaths = (
				"$(DERIVED_FILE_DIR)/Pods-Eyes Tracking-checkManifestLockResult.txt",
			);
			runOnlyForDeploymentPostprocessing = 0;
			shellPath = /bin/sh;
			shellScript = "diff \"${PODS_PODFILE_DIR_PATH}/Podfile.lock\" \"${PODS_ROOT}/Manifest.lock\" > /dev/null\nif [ $? != 0 ] ; then\n    # print error to STDERR\n    echo \"error: The sandbox is not in sync with the Podfile.lock. Run 'pod install' or update your CocoaPods installation.\" >&2\n    exit 1\nfi\n# This output is used by Xcode 'outputs' to avoid re-running this script phase.\necho \"SUCCESS\" > \"${SCRIPT_OUTPUT_FILE_0}\"\n";
			showEnvVarsInLog = 0;
		};
		E7D99F9345E84C46169997E0 /* [CP] Embed Pods Frameworks */ = {
			isa = PBXShellScriptBuildPhase;
			buildActionMask = 2147483647;
			files = (
			);
			inputPaths = (
				"${SRCROOT}/Pods/Target Support Files/Pods-Eyes Tracking/Pods-Eyes Tracking-frameworks.sh",
				"${BUILT_PRODUCTS_DIR}/GTMSessionFetcher/GTMSessionFetcher.framework",
				"${BUILT_PRODUCTS_DIR}/GoogleToolboxForMac/GoogleToolboxForMac.framework",
				"${BUILT_PRODUCTS_DIR}/nanopb/nanopb.framework",
			);
			name = "[CP] Embed Pods Frameworks";
			outputPaths = (
				"${TARGET_BUILD_DIR}/${FRAMEWORKS_FOLDER_PATH}/GTMSessionFetcher.framework",
				"${TARGET_BUILD_DIR}/${FRAMEWORKS_FOLDER_PATH}/GoogleToolboxForMac.framework",
				"${TARGET_BUILD_DIR}/${FRAMEWORKS_FOLDER_PATH}/nanopb.framework",
			);
			runOnlyForDeploymentPostprocessing = 0;
			shellPath = /bin/sh;
			shellScript = "\"${SRCROOT}/Pods/Target Support Files/Pods-Eyes Tracking/Pods-Eyes Tracking-frameworks.sh\"\n";
			showEnvVarsInLog = 0;
		};
/* End PBXShellScriptBuildPhase section */

/* Begin PBXSourcesBuildPhase section */
		D0E5847220C806050052967A /* Sources */ = {
			isa = PBXSourcesBuildPhase;
			buildActionMask = 2147483647;
			files = (
				D07E3AD420CB263500C0FCDD /* MLDataDisplayViewController.swift in Sources */,
				D04BFCC920CB73F300315FF0 /* Utilities.swift in Sources */,
				D0D25B8920C80F5500A25627 /* Extensions.swift in Sources */,
				D07E3AD220CB259D00C0FCDD /* MLCapturingViewController.swift in Sources */,
				D04BFCCB20CBFE7E00315FF0 /* ViewController.swift in Sources */,
				D0E5847E20C806050052967A /* BasicEyesTrackingViewController.swift in Sources */,
				D0E5847A20C806050052967A /* AppDelegate.swift in Sources */,
			);
			runOnlyForDeploymentPostprocessing = 0;
		};
/* End PBXSourcesBuildPhase section */

/* Begin PBXVariantGroup section */
		D0E5847F20C806050052967A /* Main.storyboard */ = {
			isa = PBXVariantGroup;
			children = (
				D0E5848020C806050052967A /* Base */,
			);
			name = Main.storyboard;
			sourceTree = "<group>";
		};
/* End PBXVariantGroup section */

/* Begin XCBuildConfiguration section */
		D0E5848820C806060052967A /* Debug */ = {
			isa = XCBuildConfiguration;
			buildSettings = {
				ALWAYS_SEARCH_USER_PATHS = NO;
				CLANG_ANALYZER_NONNULL = YES;
				CLANG_ANALYZER_NUMBER_OBJECT_CONVERSION = YES_AGGRESSIVE;
				CLANG_CXX_LANGUAGE_STANDARD = "gnu++14";
				CLANG_CXX_LIBRARY = "libc++";
				CLANG_ENABLE_MODULES = YES;
				CLANG_ENABLE_OBJC_ARC = YES;
				CLANG_ENABLE_OBJC_WEAK = YES;
				CLANG_WARN_BLOCK_CAPTURE_AUTORELEASING = YES;
				CLANG_WARN_BOOL_CONVERSION = YES;
				CLANG_WARN_COMMA = YES;
				CLANG_WARN_CONSTANT_CONVERSION = YES;
				CLANG_WARN_DEPRECATED_OBJC_IMPLEMENTATIONS = YES;
				CLANG_WARN_DIRECT_OBJC_ISA_USAGE = YES_ERROR;
				CLANG_WARN_DOCUMENTATION_COMMENTS = YES;
				CLANG_WARN_EMPTY_BODY = YES;
				CLANG_WARN_ENUM_CONVERSION = YES;
				CLANG_WARN_INFINITE_RECURSION = YES;
				CLANG_WARN_INT_CONVERSION = YES;
				CLANG_WARN_NON_LITERAL_NULL_CONVERSION = YES;
				CLANG_WARN_OBJC_IMPLICIT_RETAIN_SELF = YES;
				CLANG_WARN_OBJC_LITERAL_CONVERSION = YES;
				CLANG_WARN_OBJC_ROOT_CLASS = YES_ERROR;
				CLANG_WARN_RANGE_LOOP_ANALYSIS = YES;
				CLANG_WARN_STRICT_PROTOTYPES = YES;
				CLANG_WARN_SUSPICIOUS_MOVE = YES;
				CLANG_WARN_UNGUARDED_AVAILABILITY = YES_AGGRESSIVE;
				CLANG_WARN_UNREACHABLE_CODE = YES;
				CLANG_WARN__DUPLICATE_METHOD_MATCH = YES;
				CODE_SIGN_IDENTITY = "iPhone Developer";
				COPY_PHASE_STRIP = NO;
				DEBUG_INFORMATION_FORMAT = dwarf;
				ENABLE_STRICT_OBJC_MSGSEND = YES;
				ENABLE_TESTABILITY = YES;
				GCC_C_LANGUAGE_STANDARD = gnu11;
				GCC_DYNAMIC_NO_PIC = NO;
				GCC_NO_COMMON_BLOCKS = YES;
				GCC_OPTIMIZATION_LEVEL = 0;
				GCC_PREPROCESSOR_DEFINITIONS = (
					"DEBUG=1",
					"$(inherited)",
				);
				GCC_WARN_64_TO_32_BIT_CONVERSION = YES;
				GCC_WARN_ABOUT_RETURN_TYPE = YES_ERROR;
				GCC_WARN_UNDECLARED_SELECTOR = YES;
				GCC_WARN_UNINITIALIZED_AUTOS = YES_AGGRESSIVE;
				GCC_WARN_UNUSED_FUNCTION = YES;
				GCC_WARN_UNUSED_VARIABLE = YES;
				IPHONEOS_DEPLOYMENT_TARGET = 12.0;
				MTL_ENABLE_DEBUG_INFO = INCLUDE_SOURCE;
				ONLY_ACTIVE_ARCH = YES;
				SDKROOT = iphoneos;
				SWIFT_ACTIVE_COMPILATION_CONDITIONS = DEBUG;
				SWIFT_OPTIMIZATION_LEVEL = "-Onone";
			};
			name = Debug;
		};
		D0E5848920C806060052967A /* Release */ = {
			isa = XCBuildConfiguration;
			buildSettings = {
				ALWAYS_SEARCH_USER_PATHS = NO;
				CLANG_ANALYZER_NONNULL = YES;
				CLANG_ANALYZER_NUMBER_OBJECT_CONVERSION = YES_AGGRESSIVE;
				CLANG_CXX_LANGUAGE_STANDARD = "gnu++14";
				CLANG_CXX_LIBRARY = "libc++";
				CLANG_ENABLE_MODULES = YES;
				CLANG_ENABLE_OBJC_ARC = YES;
				CLANG_ENABLE_OBJC_WEAK = YES;
				CLANG_WARN_BLOCK_CAPTURE_AUTORELEASING = YES;
				CLANG_WARN_BOOL_CONVERSION = YES;
				CLANG_WARN_COMMA = YES;
				CLANG_WARN_CONSTANT_CONVERSION = YES;
				CLANG_WARN_DEPRECATED_OBJC_IMPLEMENTATIONS = YES;
				CLANG_WARN_DIRECT_OBJC_ISA_USAGE = YES_ERROR;
				CLANG_WARN_DOCUMENTATION_COMMENTS = YES;
				CLANG_WARN_EMPTY_BODY = YES;
				CLANG_WARN_ENUM_CONVERSION = YES;
				CLANG_WARN_INFINITE_RECURSION = YES;
				CLANG_WARN_INT_CONVERSION = YES;
				CLANG_WARN_NON_LITERAL_NULL_CONVERSION = YES;
				CLANG_WARN_OBJC_IMPLICIT_RETAIN_SELF = YES;
				CLANG_WARN_OBJC_LITERAL_CONVERSION = YES;
				CLANG_WARN_OBJC_ROOT_CLASS = YES_ERROR;
				CLANG_WARN_RANGE_LOOP_ANALYSIS = YES;
				CLANG_WARN_STRICT_PROTOTYPES = YES;
				CLANG_WARN_SUSPICIOUS_MOVE = YES;
				CLANG_WARN_UNGUARDED_AVAILABILITY = YES_AGGRESSIVE;
				CLANG_WARN_UNREACHABLE_CODE = YES;
				CLANG_WARN__DUPLICATE_METHOD_MATCH = YES;
				CODE_SIGN_IDENTITY = "iPhone Developer";
				COPY_PHASE_STRIP = NO;
				DEBUG_INFORMATION_FORMAT = "dwarf-with-dsym";
				ENABLE_NS_ASSERTIONS = NO;
				ENABLE_STRICT_OBJC_MSGSEND = YES;
				GCC_C_LANGUAGE_STANDARD = gnu11;
				GCC_NO_COMMON_BLOCKS = YES;
				GCC_WARN_64_TO_32_BIT_CONVERSION = YES;
				GCC_WARN_ABOUT_RETURN_TYPE = YES_ERROR;
				GCC_WARN_UNDECLARED_SELECTOR = YES;
				GCC_WARN_UNINITIALIZED_AUTOS = YES_AGGRESSIVE;
				GCC_WARN_UNUSED_FUNCTION = YES;
				GCC_WARN_UNUSED_VARIABLE = YES;
				IPHONEOS_DEPLOYMENT_TARGET = 12.0;
				MTL_ENABLE_DEBUG_INFO = NO;
				SDKROOT = iphoneos;
				SWIFT_COMPILATION_MODE = wholemodule;
				SWIFT_OPTIMIZATION_LEVEL = "-O";
				VALIDATE_PRODUCT = YES;
			};
			name = Release;
		};
		D0E5848B20C806060052967A /* Debug */ = {
			isa = XCBuildConfiguration;
			baseConfigurationReference = B40C11330C96D42AA16E1F34 /* Pods-Eyes Tracking.debug.xcconfig */;
			buildSettings = {
				ASSETCATALOG_COMPILER_APPICON_NAME = AppIcon;
				CODE_SIGN_STYLE = Automatic;
				DEVELOPMENT_TEAM = 7J5JZ3G2QB;
				INFOPLIST_FILE = "Eyes Tracking/Info.plist";
				IPHONEOS_DEPLOYMENT_TARGET = 12.0;
				LD_RUNPATH_SEARCH_PATHS = (
					"$(inherited)",
					"@executable_path/Frameworks",
				);
				PRODUCT_BUNDLE_IDENTIFIER = "com.virakri.Eyes-Tracking";
				PRODUCT_NAME = "$(TARGET_NAME)";
				SWIFT_VERSION = 4.2;
				TARGETED_DEVICE_FAMILY = "1,2";
			};
			name = Debug;
		};
		D0E5848C20C806060052967A /* Release */ = {
			isa = XCBuildConfiguration;
			baseConfigurationReference = 221622603E38B6B319DF6083 /* Pods-Eyes Tracking.release.xcconfig */;
			buildSettings = {
				ASSETCATALOG_COMPILER_APPICON_NAME = AppIcon;
				CODE_SIGN_STYLE = Automatic;
				DEVELOPMENT_TEAM = 7J5JZ3G2QB;
				INFOPLIST_FILE = "Eyes Tracking/Info.plist";
				IPHONEOS_DEPLOYMENT_TARGET = 12.0;
				LD_RUNPATH_SEARCH_PATHS = (
					"$(inherited)",
					"@executable_path/Frameworks",
				);
				PRODUCT_BUNDLE_IDENTIFIER = "com.virakri.Eyes-Tracking";
				PRODUCT_NAME = "$(TARGET_NAME)";
				SWIFT_VERSION = 4.2;
				TARGETED_DEVICE_FAMILY = "1,2";
			};
			name = Release;
		};
/* End XCBuildConfiguration section */

/* Begin XCConfigurationList section */
		D0E5847120C806050052967A /* Build configuration list for PBXProject "Eyes Tracking" */ = {
			isa = XCConfigurationList;
			buildConfigurations = (
				D0E5848820C806060052967A /* Debug */,
				D0E5848920C806060052967A /* Release */,
			);
			defaultConfigurationIsVisible = 0;
			defaultConfigurationName = Release;
		};
		D0E5848A20C806060052967A /* Build configuration list for PBXNativeTarget "Eyes Tracking" */ = {
			isa = XCConfigurationList;
			buildConfigurations = (
				D0E5848B20C806060052967A /* Debug */,
				D0E5848C20C806060052967A /* Release */,
			);
			defaultConfigurationIsVisible = 0;
			defaultConfigurationName = Release;
		};
/* End XCConfigurationList section */
	};
	rootObject = D0E5846E20C806050052967A /* Project object */;
}
